{
  "version": 4,
  "terraform_version": "1.7.0",
  "serial": 17,
  "lineage": "b8451ecb-3540-9077-26b7-2a65c1825539",
  "outputs": {
    "Bucket_Details": {
      "value": [
        {
          "acceleration_status": "",
          "acl": null,
          "arn": "arn:aws:s3:::sai-bucket-21-05-92",
          "bucket": "sai-bucket-21-05-92",
          "bucket_domain_name": "sai-bucket-21-05-92.s3.amazonaws.com",
          "bucket_prefix": "",
          "bucket_regional_domain_name": "sai-bucket-21-05-92.s3.ap-south-1.amazonaws.com",
          "cors_rule": [],
          "force_destroy": false,
          "grant": [
            {
              "id": "e38a204a2f17bad10f368844b36c6f5b705e652da68505f36c61d37b37fd1a37",
              "permissions": [
                "FULL_CONTROL"
              ],
              "type": "CanonicalUser",
              "uri": ""
            }
          ],
          "hosted_zone_id": "Z11RGJOFQNVJUP",
          "id": "sai-bucket-21-05-92",
          "lifecycle_rule": [],
          "logging": [],
          "object_lock_configuration": [],
          "object_lock_enabled": false,
          "policy": "",
          "region": "ap-south-1",
          "replication_configuration": [],
          "request_payer": "BucketOwner",
          "server_side_encryption_configuration": [
            {
              "rule": [
                {
                  "apply_server_side_encryption_by_default": [
                    {
                      "kms_master_key_id": "",
                      "sse_algorithm": "AES256"
                    }
                  ],
                  "bucket_key_enabled": false
                }
              ]
            }
          ],
          "tags": {
            "Environment": "Dev",
            "Name": "My bucket"
          },
          "tags_all": {
            "Environment": "Dev",
            "Name": "My bucket"
          },
          "timeouts": null,
          "versioning": [
            {
              "enabled": false,
              "mfa_delete": false
            }
          ],
          "website": [],
          "website_domain": null,
          "website_endpoint": null
        }
      ],
      "type": [
        "tuple",
        [
          [
            "object",
            {
              "acceleration_status": "string",
              "acl": "string",
              "arn": "string",
              "bucket": "string",
              "bucket_domain_name": "string",
              "bucket_prefix": "string",
              "bucket_regional_domain_name": "string",
              "cors_rule": [
                "list",
                [
                  "object",
                  {
                    "allowed_headers": [
                      "list",
                      "string"
                    ],
                    "allowed_methods": [
                      "list",
                      "string"
                    ],
                    "allowed_origins": [
                      "list",
                      "string"
                    ],
                    "expose_headers": [
                      "list",
                      "string"
                    ],
                    "max_age_seconds": "number"
                  }
                ]
              ],
              "force_destroy": "bool",
              "grant": [
                "set",
                [
                  "object",
                  {
                    "id": "string",
                    "permissions": [
                      "set",
                      "string"
                    ],
                    "type": "string",
                    "uri": "string"
                  }
                ]
              ],
              "hosted_zone_id": "string",
              "id": "string",
              "lifecycle_rule": [
                "list",
                [
                  "object",
                  {
                    "abort_incomplete_multipart_upload_days": "number",
                    "enabled": "bool",
                    "expiration": [
                      "list",
                      [
                        "object",
                        {
                          "date": "string",
                          "days": "number",
                          "expired_object_delete_marker": "bool"
                        }
                      ]
                    ],
                    "id": "string",
                    "noncurrent_version_expiration": [
                      "list",
                      [
                        "object",
                        {
                          "days": "number"
                        }
                      ]
                    ],
                    "noncurrent_version_transition": [
                      "set",
                      [
                        "object",
                        {
                          "days": "number",
                          "storage_class": "string"
                        }
                      ]
                    ],
                    "prefix": "string",
                    "tags": [
                      "map",
                      "string"
                    ],
                    "transition": [
                      "set",
                      [
                        "object",
                        {
                          "date": "string",
                          "days": "number",
                          "storage_class": "string"
                        }
                      ]
                    ]
                  }
                ]
              ],
              "logging": [
                "list",
                [
                  "object",
                  {
                    "target_bucket": "string",
                    "target_prefix": "string"
                  }
                ]
              ],
              "object_lock_configuration": [
                "list",
                [
                  "object",
                  {
                    "object_lock_enabled": "string",
                    "rule": [
                      "list",
                      [
                        "object",
                        {
                          "default_retention": [
                            "list",
                            [
                              "object",
                              {
                                "days": "number",
                                "mode": "string",
                                "years": "number"
                              }
                            ]
                          ]
                        }
                      ]
                    ]
                  }
                ]
              ],
              "object_lock_enabled": "bool",
              "policy": "string",
              "region": "string",
              "replication_configuration": [
                "list",
                [
                  "object",
                  {
                    "role": "string",
                    "rules": [
                      "set",
                      [
                        "object",
                        {
                          "delete_marker_replication_status": "string",
                          "destination": [
                            "list",
                            [
                              "object",
                              {
                                "access_control_translation": [
                                  "list",
                                  [
                                    "object",
                                    {
                                      "owner": "string"
                                    }
                                  ]
                                ],
                                "account_id": "string",
                                "bucket": "string",
                                "metrics": [
                                  "list",
                                  [
                                    "object",
                                    {
                                      "minutes": "number",
                                      "status": "string"
                                    }
                                  ]
                                ],
                                "replica_kms_key_id": "string",
                                "replication_time": [
                                  "list",
                                  [
                                    "object",
                                    {
                                      "minutes": "number",
                                      "status": "string"
                                    }
                                  ]
                                ],
                                "storage_class": "string"
                              }
                            ]
                          ],
                          "filter": [
                            "list",
                            [
                              "object",
                              {
                                "prefix": "string",
                                "tags": [
                                  "map",
                                  "string"
                                ]
                              }
                            ]
                          ],
                          "id": "string",
                          "prefix": "string",
                          "priority": "number",
                          "source_selection_criteria": [
                            "list",
                            [
                              "object",
                              {
                                "sse_kms_encrypted_objects": [
                                  "list",
                                  [
                                    "object",
                                    {
                                      "enabled": "bool"
                                    }
                                  ]
                                ]
                              }
                            ]
                          ],
                          "status": "string"
                        }
                      ]
                    ]
                  }
                ]
              ],
              "request_payer": "string",
              "server_side_encryption_configuration": [
                "list",
                [
                  "object",
                  {
                    "rule": [
                      "list",
                      [
                        "object",
                        {
                          "apply_server_side_encryption_by_default": [
                            "list",
                            [
                              "object",
                              {
                                "kms_master_key_id": "string",
                                "sse_algorithm": "string"
                              }
                            ]
                          ],
                          "bucket_key_enabled": "bool"
                        }
                      ]
                    ]
                  }
                ]
              ],
              "tags": [
                "map",
                "string"
              ],
              "tags_all": [
                "map",
                "string"
              ],
              "timeouts": [
                "object",
                {
                  "create": "string",
                  "delete": "string",
                  "read": "string",
                  "update": "string"
                }
              ],
              "versioning": [
                "list",
                [
                  "object",
                  {
                    "enabled": "bool",
                    "mfa_delete": "bool"
                  }
                ]
              ],
              "website": [
                "list",
                [
                  "object",
                  {
                    "error_document": "string",
                    "index_document": "string",
                    "redirect_all_requests_to": "string",
                    "routing_rules": "string"
                  }
                ]
              ],
              "website_domain": "string",
              "website_endpoint": "string"
            }
          ]
        ]
      ]
    },
    "ec2_details": {
      "value": "arn:aws:ec2:ap-south-1:262232693547:instance/i-01b0302eca8528e80",
      "type": "string"
    }
  },
  "resources": [
    {
      "mode": "managed",
      "type": "aws_instance",
      "name": "instance1",
      "provider": "provider[\"registry.terraform.io/hashicorp/aws\"]",
      "instances": [
        {
          "schema_version": 1,
          "attributes": {
            "ami": "ami-08ebc9e780cde07dd",
            "arn": "arn:aws:ec2:ap-south-1:262232693547:instance/i-01b0302eca8528e80",
            "associate_public_ip_address": true,
            "availability_zone": "ap-south-1a",
            "capacity_reservation_specification": [
              {
                "capacity_reservation_preference": "open",
                "capacity_reservation_target": []
              }
            ],
            "cpu_core_count": 2,
            "cpu_options": [
              {
                "amd_sev_snp": "",
                "core_count": 2,
                "threads_per_core": 1
              }
            ],
            "cpu_threads_per_core": 1,
            "credit_specification": [
              {
                "cpu_credits": "standard"
              }
            ],
            "disable_api_stop": false,
            "disable_api_termination": false,
            "ebs_block_device": [],
            "ebs_optimized": false,
            "enclave_options": [
              {
                "enabled": false
              }
            ],
            "ephemeral_block_device": [],
            "get_password_data": false,
            "hibernation": false,
            "host_id": "",
            "host_resource_group_arn": null,
            "iam_instance_profile": "",
            "id": "i-01b0302eca8528e80",
            "instance_initiated_shutdown_behavior": "stop",
            "instance_lifecycle": "",
            "instance_market_options": [],
            "instance_state": "running",
            "instance_type": "t2.medium",
            "ipv6_address_count": 0,
            "ipv6_addresses": [],
            "key_name": "SaiDevops",
            "launch_template": [],
            "maintenance_options": [
              {
                "auto_recovery": "default"
              }
            ],
            "metadata_options": [
              {
                "http_endpoint": "enabled",
                "http_protocol_ipv6": "disabled",
                "http_put_response_hop_limit": 1,
                "http_tokens": "optional",
                "instance_metadata_tags": "disabled"
              }
            ],
            "monitoring": false,
            "network_interface": [],
            "outpost_arn": "",
            "password_data": "",
            "placement_group": "",
            "placement_partition_number": 0,
            "primary_network_interface_id": "eni-07b088275de3fd054",
            "private_dns": "ip-172-31-37-49.ap-south-1.compute.internal",
            "private_dns_name_options": [
              {
                "enable_resource_name_dns_a_record": false,
                "enable_resource_name_dns_aaaa_record": false,
                "hostname_type": "ip-name"
              }
            ],
            "private_ip": "172.31.37.49",
            "public_dns": "ec2-43-205-242-187.ap-south-1.compute.amazonaws.com",
            "public_ip": "43.205.242.187",
            "root_block_device": [
              {
                "delete_on_termination": true,
                "device_name": "/dev/xvda",
                "encrypted": false,
                "iops": 100,
                "kms_key_id": "",
                "tags": {},
                "tags_all": {},
                "throughput": 0,
                "volume_id": "vol-043478b280ea82e8c",
                "volume_size": 8,
                "volume_type": "gp2"
              }
            ],
            "secondary_private_ips": [],
            "security_groups": [
              "default"
            ],
            "source_dest_check": true,
            "spot_instance_request_id": "",
            "subnet_id": "subnet-004e849cfd00284de",
            "tags": {
              "Name": "tf-SAI"
            },
            "tags_all": {
              "Name": "tf-SAI"
            },
            "tenancy": "default",
            "timeouts": null,
            "user_data": null,
            "user_data_base64": null,
            "user_data_replace_on_change": false,
            "volume_tags": null,
            "vpc_security_group_ids": [
              "sg-05aa0ed5527a06cb0"
            ]
          },
          "sensitive_attributes": [],
          "private": "eyJlMmJmYjczMC1lY2FhLTExZTYtOGY4OC0zNDM2M2JjN2M0YzAiOnsiY3JlYXRlIjo2MDAwMDAwMDAwMDAsImRlbGV0ZSI6MTIwMDAwMDAwMDAwMCwicmVhZCI6OTAwMDAwMDAwMDAwLCJ1cGRhdGUiOjYwMDAwMDAwMDAwMH0sInNjaGVtYV92ZXJzaW9uIjoiMSJ9"
        }
      ]
    },
    {
      "mode": "managed",
      "type": "aws_s3_bucket",
      "name": "s3",
      "provider": "provider[\"registry.terraform.io/hashicorp/aws\"]",
      "instances": [
        {
          "schema_version": 0,
          "attributes": {
            "acceleration_status": "",
            "acl": null,
            "arn": "arn:aws:s3:::sai-bucket-21-05-92",
            "bucket": "sai-bucket-21-05-92",
            "bucket_domain_name": "sai-bucket-21-05-92.s3.amazonaws.com",
            "bucket_prefix": "",
            "bucket_regional_domain_name": "sai-bucket-21-05-92.s3.ap-south-1.amazonaws.com",
            "cors_rule": [],
            "force_destroy": false,
            "grant": [
              {
                "id": "e38a204a2f17bad10f368844b36c6f5b705e652da68505f36c61d37b37fd1a37",
                "permissions": [
                  "FULL_CONTROL"
                ],
                "type": "CanonicalUser",
                "uri": ""
              }
            ],
            "hosted_zone_id": "Z11RGJOFQNVJUP",
            "id": "sai-bucket-21-05-92",
            "lifecycle_rule": [],
            "logging": [],
            "object_lock_configuration": [],
            "object_lock_enabled": false,
            "policy": "",
            "region": "ap-south-1",
            "replication_configuration": [],
            "request_payer": "BucketOwner",
            "server_side_encryption_configuration": [
              {
                "rule": [
                  {
                    "apply_server_side_encryption_by_default": [
                      {
                        "kms_master_key_id": "",
                        "sse_algorithm": "AES256"
                      }
                    ],
                    "bucket_key_enabled": false
                  }
                ]
              }
            ],
            "tags": {
              "Environment": "Dev",
              "Name": "My bucket"
            },
            "tags_all": {
              "Environment": "Dev",
              "Name": "My bucket"
            },
            "timeouts": null,
            "versioning": [
              {
                "enabled": false,
                "mfa_delete": false
              }
            ],
            "website": [],
            "website_domain": null,
            "website_endpoint": null
          },
          "sensitive_attributes": [],
          "private": "eyJlMmJmYjczMC1lY2FhLTExZTYtOGY4OC0zNDM2M2JjN2M0YzAiOnsiY3JlYXRlIjoxMjAwMDAwMDAwMDAwLCJkZWxldGUiOjM2MDAwMDAwMDAwMDAsInJlYWQiOjEyMDAwMDAwMDAwMDAsInVwZGF0ZSI6MTIwMDAwMDAwMDAwMH19"
        }
      ]
    }
  ],
  "check_results": null
}
